
Microsoft Visual Studio Solution File, Format Version 12.00
# Visual Studio Version 17
VisualStudioVersion = 17.0.31903.59
MinimumVisualStudioVersion = 10.0.40219.1
Project("{2150E333-8FDC-42A3-9474-1A3956D46DE8}") = "Domain", "Domain", "{747FF763-45F3-43EF-B0F7-4353AAA74C06}"
EndProject
Project("{9A19103F-16F7-4668-BE54-9A1E7A4F7556}") = "Persistence", "Domain\Persistence\Persistence.csproj", "{41DEB5BA-70B3-40CD-94C3-F67465D23B50}"
EndProject
Project("{2150E333-8FDC-42A3-9474-1A3956D46DE8}") = "Apps", "Apps", "{265DFCD3-C93D-4D89-98C2-BA3DE6383D0D}"
EndProject
Project("{9A19103F-16F7-4668-BE54-9A1E7A4F7556}") = "WebAPI", "Apps\WebAPI\WebAPI.csproj", "{4DC7335C-468C-430A-BCAF-DE9AB60B3679}"
EndProject
Project("{E53339B2-1760-4266-BCC7-CA923CBCF16C}") = "docker-compose", "docker-compose.dcproj", "{65E64282-2885-4D12-8EFA-1DC36ED6686D}"
EndProject
Project("{2150E333-8FDC-42A3-9474-1A3956D46DE8}") = "BuildingBlocks", "BuildingBlocks", "{3D4558A0-4E66-4C8B-AC9A-E7D98F81EB23}"
EndProject
Project("{FAE04EC0-301F-11D3-BF4B-00C04F79EFBC}") = "ApiGateway", "BuildingBlocks\ApiGateway\ApiGateway.csproj", "{7E1BE717-B6FA-4943-A94E-424DF89AD00B}"
EndProject
Project("{FAE04EC0-301F-11D3-BF4B-00C04F79EFBC}") = "Services", "Domain\Services\Services.csproj", "{D01F4525-0799-4E44-8EAB-A69C0F9610E6}"
EndProject
Project("{FAE04EC0-301F-11D3-BF4B-00C04F79EFBC}") = "Scheduler", "Apps\Scheduler\Scheduler.csproj", "{34D81D21-E631-4919-ADCB-5C59D19EC119}"
EndProject
Project("{FAE04EC0-301F-11D3-BF4B-00C04F79EFBC}") = "EventBus", "BuildingBlocks\EventBus\EventBus.csproj", "{1F17055F-3BF1-4048-8122-41E64D2076D8}"
EndProject
Project("{FAE04EC0-301F-11D3-BF4B-00C04F79EFBC}") = "Events", "Domain\Events\Events.csproj", "{7900D8FF-7994-4C2A-B86E-93A584F09F70}"
EndProject
Project("{FAE04EC0-301F-11D3-BF4B-00C04F79EFBC}") = "SchedulerCore", "Domain\SchedulerCore\SchedulerCore.csproj", "{D6C9F57A-618C-4F09-B450-E0EDA6562127}"
EndProject
Project("{FAE04EC0-301F-11D3-BF4B-00C04F79EFBC}") = "ChyveClient", "Domain\ChyveClient\ChyveClient.csproj", "{904B4895-AB3B-4BE8-AE63-194015F609D9}"
EndProject
Project("{2150E333-8FDC-42A3-9474-1A3956D46DE8}") = "Infrastructure", "Infrastructure", "{45AB3DDE-4E52-469A-B56C-22AB4529263D}"
EndProject
Project("{FAE04EC0-301F-11D3-BF4B-00C04F79EFBC}") = "Security", "Infrastructure\Security\Security.csproj", "{153BC0CA-EEB1-42E8-A7EA-8C694EE88BD2}"
EndProject
Global
	GlobalSection(SolutionConfigurationPlatforms) = preSolution
		Debug|Any CPU = Debug|Any CPU
		Release|Any CPU = Release|Any CPU
	EndGlobalSection
	GlobalSection(ProjectConfigurationPlatforms) = postSolution
		{41DEB5BA-70B3-40CD-94C3-F67465D23B50}.Debug|Any CPU.ActiveCfg = Debug|Any CPU
		{41DEB5BA-70B3-40CD-94C3-F67465D23B50}.Debug|Any CPU.Build.0 = Debug|Any CPU
		{41DEB5BA-70B3-40CD-94C3-F67465D23B50}.Release|Any CPU.ActiveCfg = Release|Any CPU
		{41DEB5BA-70B3-40CD-94C3-F67465D23B50}.Release|Any CPU.Build.0 = Release|Any CPU
		{4DC7335C-468C-430A-BCAF-DE9AB60B3679}.Debug|Any CPU.ActiveCfg = Debug|Any CPU
		{4DC7335C-468C-430A-BCAF-DE9AB60B3679}.Debug|Any CPU.Build.0 = Debug|Any CPU
		{4DC7335C-468C-430A-BCAF-DE9AB60B3679}.Release|Any CPU.ActiveCfg = Release|Any CPU
		{4DC7335C-468C-430A-BCAF-DE9AB60B3679}.Release|Any CPU.Build.0 = Release|Any CPU
		{65E64282-2885-4D12-8EFA-1DC36ED6686D}.Debug|Any CPU.ActiveCfg = Debug|Any CPU
		{65E64282-2885-4D12-8EFA-1DC36ED6686D}.Debug|Any CPU.Build.0 = Debug|Any CPU
		{65E64282-2885-4D12-8EFA-1DC36ED6686D}.Release|Any CPU.ActiveCfg = Release|Any CPU
		{65E64282-2885-4D12-8EFA-1DC36ED6686D}.Release|Any CPU.Build.0 = Release|Any CPU
		{7E1BE717-B6FA-4943-A94E-424DF89AD00B}.Debug|Any CPU.ActiveCfg = Debug|Any CPU
		{7E1BE717-B6FA-4943-A94E-424DF89AD00B}.Debug|Any CPU.Build.0 = Debug|Any CPU
		{7E1BE717-B6FA-4943-A94E-424DF89AD00B}.Release|Any CPU.ActiveCfg = Release|Any CPU
		{7E1BE717-B6FA-4943-A94E-424DF89AD00B}.Release|Any CPU.Build.0 = Release|Any CPU
		{D01F4525-0799-4E44-8EAB-A69C0F9610E6}.Debug|Any CPU.ActiveCfg = Debug|Any CPU
		{D01F4525-0799-4E44-8EAB-A69C0F9610E6}.Debug|Any CPU.Build.0 = Debug|Any CPU
		{D01F4525-0799-4E44-8EAB-A69C0F9610E6}.Release|Any CPU.ActiveCfg = Release|Any CPU
		{D01F4525-0799-4E44-8EAB-A69C0F9610E6}.Release|Any CPU.Build.0 = Release|Any CPU
		{34D81D21-E631-4919-ADCB-5C59D19EC119}.Debug|Any CPU.ActiveCfg = Debug|Any CPU
		{34D81D21-E631-4919-ADCB-5C59D19EC119}.Debug|Any CPU.Build.0 = Debug|Any CPU
		{34D81D21-E631-4919-ADCB-5C59D19EC119}.Release|Any CPU.ActiveCfg = Release|Any CPU
		{34D81D21-E631-4919-ADCB-5C59D19EC119}.Release|Any CPU.Build.0 = Release|Any CPU
		{1F17055F-3BF1-4048-8122-41E64D2076D8}.Debug|Any CPU.ActiveCfg = Debug|Any CPU
		{1F17055F-3BF1-4048-8122-41E64D2076D8}.Debug|Any CPU.Build.0 = Debug|Any CPU
		{1F17055F-3BF1-4048-8122-41E64D2076D8}.Release|Any CPU.ActiveCfg = Release|Any CPU
		{1F17055F-3BF1-4048-8122-41E64D2076D8}.Release|Any CPU.Build.0 = Release|Any CPU
		{7900D8FF-7994-4C2A-B86E-93A584F09F70}.Debug|Any CPU.ActiveCfg = Debug|Any CPU
		{7900D8FF-7994-4C2A-B86E-93A584F09F70}.Debug|Any CPU.Build.0 = Debug|Any CPU
		{7900D8FF-7994-4C2A-B86E-93A584F09F70}.Release|Any CPU.ActiveCfg = Release|Any CPU
		{7900D8FF-7994-4C2A-B86E-93A584F09F70}.Release|Any CPU.Build.0 = Release|Any CPU
		{D6C9F57A-618C-4F09-B450-E0EDA6562127}.Debug|Any CPU.ActiveCfg = Debug|Any CPU
		{D6C9F57A-618C-4F09-B450-E0EDA6562127}.Debug|Any CPU.Build.0 = Debug|Any CPU
		{D6C9F57A-618C-4F09-B450-E0EDA6562127}.Release|Any CPU.ActiveCfg = Release|Any CPU
		{D6C9F57A-618C-4F09-B450-E0EDA6562127}.Release|Any CPU.Build.0 = Release|Any CPU
		{904B4895-AB3B-4BE8-AE63-194015F609D9}.Debug|Any CPU.ActiveCfg = Debug|Any CPU
		{904B4895-AB3B-4BE8-AE63-194015F609D9}.Debug|Any CPU.Build.0 = Debug|Any CPU
		{904B4895-AB3B-4BE8-AE63-194015F609D9}.Release|Any CPU.ActiveCfg = Release|Any CPU
		{904B4895-AB3B-4BE8-AE63-194015F609D9}.Release|Any CPU.Build.0 = Release|Any CPU
		{153BC0CA-EEB1-42E8-A7EA-8C694EE88BD2}.Debug|Any CPU.ActiveCfg = Debug|Any CPU
		{153BC0CA-EEB1-42E8-A7EA-8C694EE88BD2}.Debug|Any CPU.Build.0 = Debug|Any CPU
		{153BC0CA-EEB1-42E8-A7EA-8C694EE88BD2}.Release|Any CPU.ActiveCfg = Release|Any CPU
		{153BC0CA-EEB1-42E8-A7EA-8C694EE88BD2}.Release|Any CPU.Build.0 = Release|Any CPU
	EndGlobalSection
	GlobalSection(SolutionProperties) = preSolution
		HideSolutionNode = FALSE
	EndGlobalSection
	GlobalSection(NestedProjects) = preSolution
		{41DEB5BA-70B3-40CD-94C3-F67465D23B50} = {747FF763-45F3-43EF-B0F7-4353AAA74C06}
		{4DC7335C-468C-430A-BCAF-DE9AB60B3679} = {265DFCD3-C93D-4D89-98C2-BA3DE6383D0D}
		{7E1BE717-B6FA-4943-A94E-424DF89AD00B} = {3D4558A0-4E66-4C8B-AC9A-E7D98F81EB23}
		{D01F4525-0799-4E44-8EAB-A69C0F9610E6} = {747FF763-45F3-43EF-B0F7-4353AAA74C06}
		{34D81D21-E631-4919-ADCB-5C59D19EC119} = {265DFCD3-C93D-4D89-98C2-BA3DE6383D0D}
		{1F17055F-3BF1-4048-8122-41E64D2076D8} = {3D4558A0-4E66-4C8B-AC9A-E7D98F81EB23}
		{7900D8FF-7994-4C2A-B86E-93A584F09F70} = {747FF763-45F3-43EF-B0F7-4353AAA74C06}
		{D6C9F57A-618C-4F09-B450-E0EDA6562127} = {747FF763-45F3-43EF-B0F7-4353AAA74C06}
		{904B4895-AB3B-4BE8-AE63-194015F609D9} = {747FF763-45F3-43EF-B0F7-4353AAA74C06}
		{153BC0CA-EEB1-42E8-A7EA-8C694EE88BD2} = {45AB3DDE-4E52-469A-B56C-22AB4529263D}
	EndGlobalSection
	GlobalSection(ExtensibilityGlobals) = postSolution
		SolutionGuid = {3B3C3FE5-66A5-497A-BF3D-6BCA5ADB8B4F}
	EndGlobalSection
EndGlobal
